<?xml version="1.0" encoding="utf-8"?>
<Project ToolsVersion="4.0" xmlns="http://schemas.microsoft.com/developer/msbuild/2003">
  <ItemGroup>
    <ClCompile Include="winMain.cpp" />
    <ClCompile Include="BlackBoard.cpp">
      <Filter>FrameWork</Filter>
    </ClCompile>
    <ClCompile Include="Collision.cpp">
      <Filter>FrameWork</Filter>
    </ClCompile>
    <ClCompile Include="CText.cpp">
      <Filter>FrameWork</Filter>
    </ClCompile>
    <ClCompile Include="Effect.cpp">
      <Filter>FrameWork</Filter>
    </ClCompile>
    <ClCompile Include="Font.cpp">
      <Filter>FrameWork</Filter>
    </ClCompile>
    <ClCompile Include="Game.cpp">
      <Filter>FrameWork</Filter>
    </ClCompile>
    <ClCompile Include="GCamera.cpp">
      <Filter>FrameWork</Filter>
    </ClCompile>
    <ClCompile Include="Global.cpp">
      <Filter>FrameWork</Filter>
    </ClCompile>
    <ClCompile Include="GSprite.cpp">
      <Filter>FrameWork</Filter>
    </ClCompile>
    <ClCompile Include="GSurface.cpp">
      <Filter>FrameWork</Filter>
    </ClCompile>
    <ClCompile Include="GTexture.cpp">
      <Filter>FrameWork</Filter>
    </ClCompile>
    <ClCompile Include="KeyBoard.cpp">
      <Filter>FrameWork</Filter>
    </ClCompile>
    <ClCompile Include="Map.cpp">
      <Filter>Map</Filter>
    </ClCompile>
    <ClCompile Include="Tile.cpp">
      <Filter>Map</Filter>
    </ClCompile>
    <ClCompile Include="QuadTree.cpp">
      <Filter>Map</Filter>
    </ClCompile>
    <ClCompile Include="QuadNode.cpp">
      <Filter>Map</Filter>
    </ClCompile>
    <ClCompile Include="BaseObject.cpp">
      <Filter>Object</Filter>
    </ClCompile>
    <ClCompile Include="Object.cpp">
      <Filter>Object</Filter>
    </ClCompile>
    <ClCompile Include="ObjManager.cpp">
      <Filter>Object</Filter>
    </ClCompile>
    <ClCompile Include="Bat.cpp">
      <Filter>Object\Enemy</Filter>
    </ClCompile>
    <ClCompile Include="BonePillar.cpp">
      <Filter>Object\Enemy</Filter>
    </ClCompile>
    <ClCompile Include="BossLv2.cpp">
      <Filter>Object\Enemy</Filter>
    </ClCompile>
    <ClCompile Include="Bosslv3.cpp">
      <Filter>Object\Enemy</Filter>
    </ClCompile>
    <ClCompile Include="Enemy.cpp">
      <Filter>Object\Enemy</Filter>
    </ClCompile>
    <ClCompile Include="EnemyRender.cpp">
      <Filter>Object\Enemy</Filter>
    </ClCompile>
    <ClCompile Include="Ghost.cpp">
      <Filter>Object\Enemy</Filter>
    </ClCompile>
    <ClCompile Include="MadusaHead.cpp">
      <Filter>Object\Enemy</Filter>
    </ClCompile>
    <ClCompile Include="Pleaman.cpp">
      <Filter>Object\Enemy</Filter>
    </ClCompile>
    <ClCompile Include="Raven.cpp">
      <Filter>Object\Enemy</Filter>
    </ClCompile>
    <ClCompile Include="Skeleton.cpp">
      <Filter>Object\Enemy</Filter>
    </ClCompile>
    <ClCompile Include="SpearGuard.cpp">
      <Filter>Object\Enemy</Filter>
    </ClCompile>
    <ClCompile Include="Box.cpp">
      <Filter>FrameWork</Filter>
    </ClCompile>
    <ClCompile Include="BigCandel.cpp">
      <Filter>Object\Item</Filter>
    </ClCompile>
    <ClCompile Include="Gate.cpp">
      <Filter>Object\Item</Filter>
    </ClCompile>
    <ClCompile Include="Item.cpp">
      <Filter>Object\Item</Filter>
    </ClCompile>
    <ClCompile Include="MovePlatform.cpp">
      <Filter>Object\Item</Filter>
    </ClCompile>
    <ClCompile Include="SmallCandle.cpp">
      <Filter>Object\Item</Filter>
    </ClCompile>
    <ClCompile Include="Stair.cpp">
      <Filter>Object\Item</Filter>
    </ClCompile>
    <ClCompile Include="TopStair.cpp">
      <Filter>Object\Item</Filter>
    </ClCompile>
    <ClCompile Include="Trap.cpp">
      <Filter>Object\Item</Filter>
    </ClCompile>
    <ClCompile Include="Simon.cpp">
      <Filter>Object\Player</Filter>
    </ClCompile>
    <ClCompile Include="Weapon.cpp">
      <Filter>Object\Player</Filter>
    </ClCompile>
    <ClCompile Include="Player.cpp">
      <Filter>Object\Player</Filter>
    </ClCompile>
    <ClCompile Include="SceneMenu.cpp">
      <Filter>Scene</Filter>
    </ClCompile>
    <ClCompile Include="SceneMain.cpp">
      <Filter>Scene</Filter>
    </ClCompile>
    <ClCompile Include="Level3.cpp">
      <Filter>Scene</Filter>
    </ClCompile>
    <ClCompile Include="Level2.cpp">
      <Filter>Scene</Filter>
    </ClCompile>
    <ClCompile Include="Level5.cpp">
      <Filter>Scene</Filter>
    </ClCompile>
  </ItemGroup>
  <ItemGroup>
    <ClInclude Include="BlackBoard.h">
      <Filter>FrameWork</Filter>
    </ClInclude>
    <ClInclude Include="Collision.h">
      <Filter>FrameWork</Filter>
    </ClInclude>
    <ClInclude Include="CText.h">
      <Filter>FrameWork</Filter>
    </ClInclude>
    <ClInclude Include="Effect.h">
      <Filter>FrameWork</Filter>
    </ClInclude>
    <ClInclude Include="Font.h">
      <Filter>FrameWork</Filter>
    </ClInclude>
    <ClInclude Include="Game.h">
      <Filter>FrameWork</Filter>
    </ClInclude>
    <ClInclude Include="GCamera.h">
      <Filter>FrameWork</Filter>
    </ClInclude>
    <ClInclude Include="Global.h">
      <Filter>FrameWork</Filter>
    </ClInclude>
    <ClInclude Include="GSprite.h">
      <Filter>FrameWork</Filter>
    </ClInclude>
    <ClInclude Include="GSurface.h">
      <Filter>FrameWork</Filter>
    </ClInclude>
    <ClInclude Include="GTexture.h">
      <Filter>FrameWork</Filter>
    </ClInclude>
    <ClInclude Include="KeyBoard.h">
      <Filter>FrameWork</Filter>
    </ClInclude>
    <ClInclude Include="Map.h">
      <Filter>Map</Filter>
    </ClInclude>
    <ClInclude Include="Tile.h">
      <Filter>Map</Filter>
    </ClInclude>
    <ClInclude Include="QuadTree.h">
      <Filter>Map</Filter>
    </ClInclude>
    <ClInclude Include="QuadNode.h">
      <Filter>Map</Filter>
    </ClInclude>
    <ClInclude Include="BaseObject.h">
      <Filter>Object</Filter>
    </ClInclude>
    <ClInclude Include="Object.h">
      <Filter>Object</Filter>
    </ClInclude>
    <ClInclude Include="ObjManager.h">
      <Filter>Object</Filter>
    </ClInclude>
    <ClInclude Include="Bat.h">
      <Filter>Object\Enemy</Filter>
    </ClInclude>
    <ClInclude Include="BonePillar.h">
      <Filter>Object\Enemy</Filter>
    </ClInclude>
    <ClInclude Include="BossLv2.h">
      <Filter>Object\Enemy</Filter>
    </ClInclude>
    <ClInclude Include="Bosslv3.h">
      <Filter>Object\Enemy</Filter>
    </ClInclude>
    <ClInclude Include="Enemy.h">
      <Filter>Object\Enemy</Filter>
    </ClInclude>
    <ClInclude Include="EnemyRender.h">
      <Filter>Object\Enemy</Filter>
    </ClInclude>
    <ClInclude Include="Ghost.h">
      <Filter>Object\Enemy</Filter>
    </ClInclude>
    <ClInclude Include="MadusaHead.h">
      <Filter>Object\Enemy</Filter>
    </ClInclude>
    <ClInclude Include="Pleaman.h">
      <Filter>Object\Enemy</Filter>
    </ClInclude>
    <ClInclude Include="Raven.h">
      <Filter>Object\Enemy</Filter>
    </ClInclude>
    <ClInclude Include="Skeleton.h">
      <Filter>Object\Enemy</Filter>
    </ClInclude>
    <ClInclude Include="SpearGuard.h">
      <Filter>Object\Enemy</Filter>
    </ClInclude>
    <ClInclude Include="Box.h">
      <Filter>FrameWork</Filter>
    </ClInclude>
    <ClInclude Include="BigCandel.h">
      <Filter>Object\Item</Filter>
    </ClInclude>
    <ClInclude Include="Gate.h">
      <Filter>Object\Item</Filter>
    </ClInclude>
    <ClInclude Include="Item.h">
      <Filter>Object\Item</Filter>
    </ClInclude>
    <ClInclude Include="MovePlatform.h">
      <Filter>Object\Item</Filter>
    </ClInclude>
    <ClInclude Include="SmallCandle.h">
      <Filter>Object\Item</Filter>
    </ClInclude>
    <ClInclude Include="Stair.h">
      <Filter>Object\Item</Filter>
    </ClInclude>
    <ClInclude Include="TopStair.h">
      <Filter>Object\Item</Filter>
    </ClInclude>
    <ClInclude Include="Trap.h">
      <Filter>Object\Item</Filter>
    </ClInclude>
    <ClInclude Include="Simon.h">
      <Filter>Object\Player</Filter>
    </ClInclude>
    <ClInclude Include="Weapon.h">
      <Filter>Object\Player</Filter>
    </ClInclude>
    <ClInclude Include="Player.h">
      <Filter>Object\Player</Filter>
    </ClInclude>
    <ClInclude Include="SceneMenu.h">
      <Filter>Scene</Filter>
    </ClInclude>
    <ClInclude Include="SceneMain.h">
      <Filter>Scene</Filter>
    </ClInclude>
    <ClInclude Include="Scene.h">
      <Filter>Scene</Filter>
    </ClInclude>
    <ClInclude Include="Level3.h">
      <Filter>Scene</Filter>
    </ClInclude>
    <ClInclude Include="Level2.h">
      <Filter>Scene</Filter>
    </ClInclude>
    <ClInclude Include="Level5.h">
      <Filter>Scene</Filter>
    </ClInclude>
  </ItemGroup>
  <ItemGroup>
    <Filter Include="Map">
      <UniqueIdentifier>{eaa7fa9d-49c4-4fce-984c-5c66a927d836}</UniqueIdentifier>
    </Filter>
    <Filter Include="Object">
      <UniqueIdentifier>{260ea071-a0a9-434c-9d13-378033f2f4c5}</UniqueIdentifier>
    </Filter>
    <Filter Include="Object\Player">
      <UniqueIdentifier>{bfcc0781-9f83-4d99-a30d-e230dba3e694}</UniqueIdentifier>
    </Filter>
    <Filter Include="Object\Enemy">
      <UniqueIdentifier>{c8b0f928-6b34-4f3b-a519-d2d8c9499aa2}</UniqueIdentifier>
    </Filter>
    <Filter Include="Object\Item">
      <UniqueIdentifier>{b806a4c5-9df0-4fe6-aefd-84cf6cedff9c}</UniqueIdentifier>
    </Filter>
    <Filter Include="FrameWork">
      <UniqueIdentifier>{4d684643-34bd-4857-b39d-8a1274cabc5b}</UniqueIdentifier>
    </Filter>
    <Filter Include="Scene">
      <UniqueIdentifier>{fd039c42-4a38-4822-939b-2a58a3f23f05}</UniqueIdentifier>
    </Filter>
  </ItemGroup>
</Project>